{
    "_readme": [
        "This file locks the dependencies of your project to a known state",
        "Read more about it at https://getcomposer.org/doc/01-basic-usage.md#composer-lock-the-lock-file",
        "This file is @generated automatically"
    ],
    "hash": "f9b53cdc8a81ae208ac3eb6fcdc2def8",
    "content-hash": "445066a94c871202c7c401293ac0586e",
    "packages": [
        {
            "name": "asofter/yii2-imperavi-redactor",
            "version": "dev-master",
            "target-dir": "yii/imperavi",
            "source": {
                "type": "git",
                "url": "https://github.com/asofter/yii2-imperavi-redactor.git",
                "reference": "b0437b84b2039808ed888c0388d43cd4639f8881"
            },
            "dist": {
                "type": "zip",
                "url": "https://api.github.com/repos/asofter/yii2-imperavi-redactor/zipball/b0437b84b2039808ed888c0388d43cd4639f8881",
                "reference": "b0437b84b2039808ed888c0388d43cd4639f8881",
                "shasum": ""
            },
            "require": {
                "yiisoft/yii2": "*"
            },
            "type": "yii2-extension",
            "autoload": {
                "psr-0": {
                    "yii\\imperavi\\": ""
                }
            },
            "notification-url": "https://packagist.org/downloads/",
            "license": [
                "BSD-3-Clause"
            ],
            "authors": [
                {
                    "name": "Alexander Yaremchuk",
                    "email": "alwex10@gmail.com"
                },
                {
                    "name": "Veaceslav Medvedev",
                    "email": "slavcopost@gmail.com"
                },
                {
                    "name": "Alexander Makarov",
                    "email": "sam@rmcreative.ru",
                    "homepage": "http://rmcreative.ru/"
                }
            ],
            "description": "Imperavi Redactor WYSIWYG widget (OEM-licensed for Yii 2)",
            "keywords": [
                "imperavi",
                "imperavi redactor",
                "yii"
            ],
            "time": "2016-09-20 08:24:13"
        },
        {
            "name": "bower-asset/ace-builds",
            "version": "v1.2.6",
            "source": {
                "type": "git",
                "url": "https://github.com/ajaxorg/ace-builds.git",
                "reference": "2268d21c5893320330c9daf10b70b1973ca45eba"
            },
            "dist": {
                "type": "zip",
                "url": "https://api.github.com/repos/ajaxorg/ace-builds/zipball/2268d21c5893320330c9daf10b70b1973ca45eba",
                "reference": "2268d21c5893320330c9daf10b70b1973ca45eba",
                "shasum": ""
            },
            "type": "bower-asset-library",
            "extra": {
                "bower-asset-ignore": [
                    "demo"
                ]
            },
            "license": [
                "BSD"
            ],
            "description": "Ace (Ajax.org Cloud9 Editor)"
        },
        {
            "name": "bower-asset/blueimp-canvas-to-blob",
            "version": "v3.6.0",
            "source": {
                "type": "git",
                "url": "https://github.com/blueimp/JavaScript-Canvas-to-Blob.git",
                "reference": "39b96c11e60bd6be833866b1b5d92994fce1718c"
            },
            "dist": {
                "type": "zip",
                "url": "https://api.github.com/repos/blueimp/JavaScript-Canvas-to-Blob/zipball/39b96c11e60bd6be833866b1b5d92994fce1718c",
                "reference": "39b96c11e60bd6be833866b1b5d92994fce1718c",
                "shasum": ""
            },
            "type": "bower-asset-library"
        },
        {
            "name": "bower-asset/blueimp-file-upload",
            "version": "v9.14.2",
            "source": {
                "type": "git",
                "url": "https://github.com/blueimp/jQuery-File-Upload.git",
                "reference": "d7db3ba61561f8b0b25fd540fbc70cf9f133934a"
            },
            "dist": {
                "type": "zip",
                "url": "https://api.github.com/repos/blueimp/jQuery-File-Upload/zipball/d7db3ba61561f8b0b25fd540fbc70cf9f133934a",
                "reference": "d7db3ba61561f8b0b25fd540fbc70cf9f133934a",
                "shasum": ""
            },
            "require": {
                "bower-asset/blueimp-canvas-to-blob": ">=2.1.1",
                "bower-asset/blueimp-load-image": ">=1.13.0",
                "bower-asset/blueimp-tmpl": ">=2.5.4",
                "bower-asset/jquery": ">=1.6"
            },
            "type": "bower-asset-library",
            "extra": {
                "bower-asset-main": [
                    "js/jquery.fileupload.js"
                ],
                "bower-asset-ignore": [
                    "/*.*",
                    "/cors",
                    "css/demo-ie8.css",
                    "css/demo.css",
                    "css/style.css",
                    "js/app.js",
                    "js/main.js",
                    "server",
                    "test"
                ]
            },
            "license": [
                "MIT"
            ],
            "description": "File Upload widget with multiple file selection, drag&amp;drop support, progress bar, validation and preview images.",
            "keywords": [
                "bootstrap",
                "chunk",
                "cross-domain",
                "cross-site",
                "drag",
                "drop",
                "file",
                "gae",
                "go",
                "jquery",
                "multiple",
                "php",
                "preview",
                "progress",
                "python",
                "resume",
                "selection",
                "upload",
                "widget"
            ]
        },
        {
            "name": "bower-asset/blueimp-load-image",
            "version": "v2.10.0",
            "source": {
                "type": "git",
                "url": "https://github.com/blueimp/JavaScript-Load-Image.git",
                "reference": "a9eb2ab1078b2e7d45eb215e1d4ff54134f709bf"
            },
            "dist": {
                "type": "zip",
                "url": "https://api.github.com/repos/blueimp/JavaScript-Load-Image/zipball/a9eb2ab1078b2e7d45eb215e1d4ff54134f709bf",
                "reference": "a9eb2ab1078b2e7d45eb215e1d4ff54134f709bf",
                "shasum": ""
            },
            "type": "bower-asset-library"
        },
        {
            "name": "bower-asset/blueimp-tmpl",
            "version": "v3.7.0",
            "source": {
                "type": "git",
                "url": "https://github.com/blueimp/JavaScript-Templates.git",
                "reference": "511e54a03c325bc99a6a58616e975e4a2b15b0d3"
            },
            "dist": {
                "type": "zip",
                "url": "https://api.github.com/repos/blueimp/JavaScript-Templates/zipball/511e54a03c325bc99a6a58616e975e4a2b15b0d3",
                "reference": "511e54a03c325bc99a6a58616e975e4a2b15b0d3",
                "shasum": ""
            },
            "type": "bower-asset-library"
        },
        {
            "name": "bower-asset/eonasdan-bootstrap-datetimepicker",
            "version": "4.17.43",
            "source": {
                "type": "git",
                "url": "https://github.com/Eonasdan/bootstrap-datetimepicker.git",
                "reference": "c3e46cc301d851cf347366e361c5a0ba50b1de4a"
            },
            "dist": {
                "type": "zip",
                "url": "https://api.github.com/repos/Eonasdan/bootstrap-datetimepicker/zipball/c3e46cc301d851cf347366e361c5a0ba50b1de4a",
                "reference": "c3e46cc301d851cf347366e361c5a0ba50b1de4a",
                "shasum": ""
            },
            "require": {
                "bower-asset/jquery": ">=1.8.3",
                "bower-asset/moment": ">=2.10.5"
            },
            "type": "bower-asset-library",
            "extra": {
                "bower-asset-main": [
                    "build/css/bootstrap-datetimepicker.min.css",
                    "build/js/bootstrap-datetimepicker.min.js"
                ],
                "bower-asset-ignore": [
                    "**/.*",
                    "node_modules",
                    "bower_components",
                    "test",
                    "tests"
                ],
                "bower-asset-private": false
            },
            "license": [
                "MIT"
            ],
            "description": "bootstrap3 datetimepicker",
            "keywords": [
                "bootstrap",
                "datepicker",
                "datetimepicker",
                "moment",
                "timepicker",
                "twitter-bootstrap"
            ]
        },
        {
            "name": "bower-asset/jquery",
            "version": "2.2.4",
            "source": {
                "type": "git",
                "url": "https://github.com/jquery/jquery-dist.git",
                "reference": "c0185ab7c75aab88762c5aae780b9d83b80eda72"
            },
            "dist": {
                "type": "zip",
                "url": "https://api.github.com/repos/jquery/jquery-dist/zipball/c0185ab7c75aab88762c5aae780b9d83b80eda72",
                "reference": "c0185ab7c75aab88762c5aae780b9d83b80eda72",
                "shasum": ""
            },
            "type": "bower-asset-library",
            "extra": {
                "bower-asset-main": "dist/jquery.js",
                "bower-asset-ignore": [
                    "package.json"
                ]
            },
            "license": [
                "MIT"
            ],
            "keywords": [
                "browser",
                "javascript",
                "jquery",
                "library"
            ]
        },
        {
            "name": "bower-asset/jquery-ui",
            "version": "1.11.4",
            "source": {
                "type": "git",
                "url": "https://github.com/components/jqueryui.git",
                "reference": "c34f8dbf3ba57b3784b93f26119f436c0e8288e1"
            },
            "dist": {
                "type": "zip",
                "url": "https://api.github.com/repos/components/jqueryui/zipball/c34f8dbf3ba57b3784b93f26119f436c0e8288e1",
                "reference": "c34f8dbf3ba57b3784b93f26119f436c0e8288e1",
                "shasum": ""
            },
            "require": {
                "bower-asset/jquery": ">=1.6"
            },
            "type": "bower-asset-library",
            "extra": {
                "bower-asset-main": [
                    "jquery-ui.js"
                ],
                "bower-asset-ignore": []
            }
        },
        {
            "name": "bower-asset/jquery.inputmask",
            "version": "3.2.7",
            "source": {
                "type": "git",
                "url": "https://github.com/RobinHerbots/Inputmask.git",
                "reference": "5a72c563b502b8e05958a524cdfffafe9987be38"
            },
            "dist": {
                "type": "zip",
                "url": "https://api.github.com/repos/RobinHerbots/Inputmask/zipball/5a72c563b502b8e05958a524cdfffafe9987be38",
                "reference": "5a72c563b502b8e05958a524cdfffafe9987be38",
                "shasum": ""
            },
            "require": {
                "bower-asset/jquery": ">=1.7"
            },
            "type": "bower-asset-library",
            "extra": {
                "bower-asset-main": [
                    "./dist/inputmask/inputmask.js"
                ],
                "bower-asset-ignore": [
                    "**/*",
                    "!dist/*",
                    "!dist/inputmask/*",
                    "!dist/min/*",
                    "!dist/min/inputmask/*",
                    "!extra/bindings/*",
                    "!extra/dependencyLibs/*",
                    "!extra/phone-codes/*"
                ]
            },
            "license": [
                "http://opensource.org/licenses/mit-license.php"
            ],
            "description": "jquery.inputmask is a jquery plugin which create an input mask.",
            "keywords": [
                "form",
                "input",
                "inputmask",
                "jquery",
                "mask",
                "plugins"
            ]
        },
        {
            "name": "bower-asset/moment",
            "version": "2.17.1",
            "source": {
                "type": "git",
                "url": "https://github.com/moment/moment.git",
                "reference": "b8a297c1f99b3918f44dd9e3d7bd59379a876ba6"
            },
            "dist": {
                "type": "zip",
                "url": "https://api.github.com/repos/moment/moment/zipball/b8a297c1f99b3918f44dd9e3d7bd59379a876ba6",
                "reference": "b8a297c1f99b3918f44dd9e3d7bd59379a876ba6",
                "shasum": ""
            },
            "type": "bower-asset-library",
            "extra": {
                "bower-asset-main": "moment.js",
                "bower-asset-ignore": [
                    "**/.*",
                    "benchmarks",
                    "bower_components",
                    "meteor",
                    "node_modules",
                    "scripts",
                    "tasks",
                    "test",
                    "component.json",
                    "composer.json",
                    "CONTRIBUTING.md",
                    "ender.js",
                    "Gruntfile.js",
                    "Moment.js.nuspec",
                    "package.js",
                    "package.json",
                    "ISSUE_TEMPLATE.md",
                    "typing-tests"
                ]
            },
            "license": [
                "MIT"
            ]
        },
        {
            "name": "bower-asset/punycode",
            "version": "v1.3.2",
            "source": {
                "type": "git",
                "url": "https://github.com/bestiejs/punycode.js.git",
                "reference": "38c8d3131a82567bfef18da09f7f4db68c84f8a3"
            },
            "dist": {
                "type": "zip",
                "url": "https://api.github.com/repos/bestiejs/punycode.js/zipball/38c8d3131a82567bfef18da09f7f4db68c84f8a3",
                "reference": "38c8d3131a82567bfef18da09f7f4db68c84f8a3",
                "shasum": ""
            },
            "type": "bower-asset-library",
            "extra": {
                "bower-asset-main": "punycode.js",
                "bower-asset-ignore": [
                    "coverage",
                    "tests",
                    ".*",
                    "component.json",
                    "Gruntfile.js",
                    "node_modules",
                    "package.json"
                ]
            }
        },
        {
            "name": "bower-asset/yii2-pjax",
            "version": "v2.0.6",
            "source": {
                "type": "git",
                "url": "https://github.com/yiisoft/jquery-pjax.git",
                "reference": "60728da6ade5879e807a49ce59ef9a72039b8978"
            },
            "dist": {
                "type": "zip",
                "url": "https://api.github.com/repos/yiisoft/jquery-pjax/zipball/60728da6ade5879e807a49ce59ef9a72039b8978",
                "reference": "60728da6ade5879e807a49ce59ef9a72039b8978",
                "shasum": ""
            },
            "require": {
                "bower-asset/jquery": ">=1.8"
            },
            "type": "bower-asset-library",
            "extra": {
                "bower-asset-main": "./jquery.pjax.js",
                "bower-asset-ignore": [
                    ".travis.yml",
                    "Gemfile",
                    "Gemfile.lock",
                    "CONTRIBUTING.md",
                    "vendor/",
                    "script/",
                    "test/"
                ]
            },
            "license": [
                "MIT"
            ]
        },
        {
            "name": "cebe/markdown",
            "version": "1.1.1",
            "source": {
                "type": "git",
                "url": "https://github.com/cebe/markdown.git",
                "reference": "c30eb5e01fe021cc5bba2f9ee0eeef96d4931166"
            },
            "dist": {
                "type": "zip",
                "url": "https://api.github.com/repos/cebe/markdown/zipball/c30eb5e01fe021cc5bba2f9ee0eeef96d4931166",
                "reference": "c30eb5e01fe021cc5bba2f9ee0eeef96d4931166",
                "shasum": ""
            },
            "require": {
                "lib-pcre": "*",
                "php": ">=5.4.0"
            },
            "require-dev": {
                "cebe/indent": "*",
                "facebook/xhprof": "*@dev",
                "phpunit/phpunit": "4.1.*"
            },
            "bin": [
                "bin/markdown"
            ],
            "type": "library",
            "extra": {
                "branch-alias": {
                    "dev-master": "1.1.x-dev"
                }
            },
            "autoload": {
                "psr-4": {
                    "cebe\\markdown\\": ""
                }
            },
            "notification-url": "https://packagist.org/downloads/",
            "license": [
                "MIT"
            ],
            "authors": [
                {
                    "name": "Carsten Brandt",
                    "email": "mail@cebe.cc",
                    "homepage": "http://cebe.cc/",
                    "role": "Creator"
                }
            ],
            "description": "A super fast, highly extensible markdown parser for PHP",
            "homepage": "https://github.com/cebe/markdown#readme",
            "keywords": [
                "extensible",
                "fast",
                "gfm",
                "markdown",
                "markdown-extra"
            ],
            "time": "2016-09-14 20:40:20"
        },
        {
            "name": "ezyang/htmlpurifier",
            "version": "v4.8.0",
            "source": {
                "type": "git",
                "url": "https://github.com/ezyang/htmlpurifier.git",
                "reference": "d0c392f77d2f2a3dcf7fcb79e2a1e2b8804e75b2"
            },
            "dist": {
                "type": "zip",
                "url": "https://api.github.com/repos/ezyang/htmlpurifier/zipball/d0c392f77d2f2a3dcf7fcb79e2a1e2b8804e75b2",
                "reference": "d0c392f77d2f2a3dcf7fcb79e2a1e2b8804e75b2",
                "shasum": ""
            },
            "require": {
                "php": ">=5.2"
            },
            "type": "library",
            "autoload": {
                "psr-0": {
                    "HTMLPurifier": "library/"
                },
                "files": [
                    "library/HTMLPurifier.composer.php"
                ]
            },
            "notification-url": "https://packagist.org/downloads/",
            "license": [
                "LGPL"
            ],
            "authors": [
                {
                    "name": "Edward Z. Yang",
                    "email": "admin@htmlpurifier.org",
                    "homepage": "http://ezyang.com"
                }
            ],
            "description": "Standards compliant HTML filter written in PHP",
            "homepage": "http://htmlpurifier.org/",
            "keywords": [
                "html"
            ],
            "time": "2016-07-16 12:58:58"
        },
        {
            "name": "league/flysystem",
            "version": "1.0.32",
            "source": {
                "type": "git",
                "url": "https://github.com/thephpleague/flysystem.git",
                "reference": "1b5c4a0031697f46e779a9d1b309c2e1b24daeab"
            },
            "dist": {
                "type": "zip",
                "url": "https://api.github.com/repos/thephpleague/flysystem/zipball/1b5c4a0031697f46e779a9d1b309c2e1b24daeab",
                "reference": "1b5c4a0031697f46e779a9d1b309c2e1b24daeab",
                "shasum": ""
            },
            "require": {
                "php": ">=5.5.9"
            },
            "conflict": {
                "league/flysystem-sftp": "<1.0.6"
            },
            "require-dev": {
                "ext-fileinfo": "*",
                "mockery/mockery": "~0.9",
                "phpspec/phpspec": "^2.2",
                "phpunit/phpunit": "~4.8"
            },
            "suggest": {
                "ext-fileinfo": "Required for MimeType",
                "league/flysystem-aws-s3-v2": "Allows you to use S3 storage with AWS SDK v2",
                "league/flysystem-aws-s3-v3": "Allows you to use S3 storage with AWS SDK v3",
                "league/flysystem-azure": "Allows you to use Windows Azure Blob storage",
                "league/flysystem-cached-adapter": "Flysystem adapter decorator for metadata caching",
                "league/flysystem-copy": "Allows you to use Copy.com storage",
                "league/flysystem-dropbox": "Allows you to use Dropbox storage",
                "league/flysystem-eventable-filesystem": "Allows you to use EventableFilesystem",
                "league/flysystem-rackspace": "Allows you to use Rackspace Cloud Files",
                "league/flysystem-sftp": "Allows you to use SFTP server storage via phpseclib",
                "league/flysystem-webdav": "Allows you to use WebDAV storage",
                "league/flysystem-ziparchive": "Allows you to use ZipArchive adapter"
            },
            "type": "library",
            "extra": {
                "branch-alias": {
                    "dev-master": "1.1-dev"
                }
            },
            "autoload": {
                "psr-4": {
                    "League\\Flysystem\\": "src/"
                }
            },
            "notification-url": "https://packagist.org/downloads/",
            "license": [
                "MIT"
            ],
            "authors": [
                {
                    "name": "Frank de Jonge",
                    "email": "info@frenky.net"
                }
            ],
            "description": "Filesystem abstraction: Many filesystems, one API.",
            "keywords": [
                "Cloud Files",
                "WebDAV",
                "abstraction",
                "aws",
                "cloud",
                "copy.com",
                "dropbox",
                "file systems",
                "files",
                "filesystem",
                "filesystems",
                "ftp",
                "rackspace",
                "remote",
                "s3",
                "sftp",
                "storage"
            ],
            "time": "2016-10-19 20:38:46"
        },
        {
            "name": "omcrn/yii2-base",
            "version": "v0.1.1",
            "source": {
                "type": "git",
                "url": "https://github.com/omcrn/yii2-base.git",
                "reference": "8c581fcedc4c745d79b6bc5387e5507cfd0d3c3e"
            },
            "dist": {
                "type": "zip",
                "url": "https://api.github.com/repos/omcrn/yii2-base/zipball/8c581fcedc4c745d79b6bc5387e5507cfd0d3c3e",
                "reference": "8c581fcedc4c745d79b6bc5387e5507cfd0d3c3e",
                "shasum": ""
            },
            "require": {
                "php": ">=5.4.0",
                "yiisoft/yii2": "~2.0.0"
            },
            "type": "library",
            "autoload": {
                "psr-4": {
                    "centigen\\base\\": ""
                }
            },
            "notification-url": "https://packagist.org/downloads/",
            "authors": [
                {
                    "name": "Zura Sekhniashvili",
                    "email": "zurasekhniashvili@gmail.com",
                    "homepage": "http://zuse.me",
                    "role": "Developer"
                }
            ],
            "description": "Helpers, Behaviors and other component classes",
            "keywords": [
                "Yii2 Extension",
                "yii2",
                "yii2 helpers"
            ],
            "time": "2016-12-27 06:28:20"
        },
        {
            "name": "trntv/yii2-aceeditor",
            "version": "2.0.2",
            "source": {
                "type": "git",
                "url": "https://github.com/trntv/yii2-aceeditor.git",
                "reference": "9adcbffa9aeadab5d77096b9681b9a89557eedfe"
            },
            "dist": {
                "type": "zip",
                "url": "https://api.github.com/repos/trntv/yii2-aceeditor/zipball/9adcbffa9aeadab5d77096b9681b9a89557eedfe",
                "reference": "9adcbffa9aeadab5d77096b9681b9a89557eedfe",
                "shasum": ""
            },
            "require": {
                "bower-asset/ace-builds": "^1.2.3",
                "yiisoft/yii2": "^2.0.0"
            },
            "type": "yii2-extension",
            "autoload": {
                "psr-4": {
                    "trntv\\aceeditor\\": "src"
                }
            },
            "notification-url": "https://packagist.org/downloads/",
            "license": [
                "BSD-3-Clause"
            ],
            "authors": [
                {
                    "name": "Eugine Terentev",
                    "email": "eugine@terentev.net"
                }
            ],
            "description": "Yii2 ajax.org Ace Editor widget",
            "keywords": [
                "aceeditor",
                "code editor",
                "yii"
            ],
            "time": "2016-11-22 19:35:26"
        },
        {
            "name": "trntv/yii2-datetime-widget",
            "version": "1.0.4",
            "source": {
                "type": "git",
                "url": "https://github.com/trntv/yii2-datetime-widget.git",
                "reference": "d064d312ff17af03df26a67846e1f772c99d5020"
            },
            "dist": {
                "type": "zip",
                "url": "https://api.github.com/repos/trntv/yii2-datetime-widget/zipball/d064d312ff17af03df26a67846e1f772c99d5020",
                "reference": "d064d312ff17af03df26a67846e1f772c99d5020",
                "shasum": ""
            },
            "require": {
                "bower-asset/eonasdan-bootstrap-datetimepicker": "~4.0",
                "yiisoft/yii2": "~2.0"
            },
            "type": "yii2-extension",
            "extra": {
                "asset-installer-paths": {
                    "npm-asset-library": "vendor/npm",
                    "bower-asset-library": "vendor/bower"
                }
            },
            "autoload": {
                "psr-4": {
                    "trntv\\yii\\datetime\\": "src/"
                }
            },
            "notification-url": "https://packagist.org/downloads/",
            "license": [
                "GPL-3.0+"
            ],
            "authors": [
                {
                    "name": "Eugene Terentev",
                    "email": "eugene@terentev.net"
                }
            ],
            "description": "Date/Time Picker widget for Yii2 framework",
            "keywords": [
                "bootstrap",
                "datetime picker",
                "extension",
                "widget",
                "yii2"
            ],
            "time": "2016-02-12 07:10:46"
        },
        {
            "name": "trntv/yii2-file-kit",
            "version": "1.1.8",
            "source": {
                "type": "git",
                "url": "https://github.com/trntv/yii2-file-kit.git",
                "reference": "282b5dd3c97fc06ab5801dcaa40a24368d957ad6"
            },
            "dist": {
                "type": "zip",
                "url": "https://api.github.com/repos/trntv/yii2-file-kit/zipball/282b5dd3c97fc06ab5801dcaa40a24368d957ad6",
                "reference": "282b5dd3c97fc06ab5801dcaa40a24368d957ad6",
                "shasum": ""
            },
            "require": {
                "bower-asset/blueimp-file-upload": "^9.7.0",
                "league/flysystem": "^1.0",
                "yiisoft/yii2": "^2.0.0",
                "yiisoft/yii2-jui": "^2.0.0"
            },
            "require-dev": {
                "creocoder/yii2-flysystem": "~0.8",
                "phpunit/phpunit": "~4.5.0"
            },
            "type": "yii2-extension",
            "extra": {
                "asset-installer-paths": {
                    "npm-asset-library": "vendor/npm",
                    "bower-asset-library": "vendor/bower"
                }
            },
            "autoload": {
                "psr-4": {
                    "trntv\\filekit\\": "src/"
                }
            },
            "notification-url": "https://packagist.org/downloads/",
            "license": [
                "BSD-3-Clause"
            ],
            "authors": [
                {
                    "name": "Eugene Terentev",
                    "email": "eugene@terentev.net"
                }
            ],
            "description": "Yii2 file upload and storage kit",
            "time": "2016-03-11 11:20:20"
        },
        {
            "name": "yiisoft/yii2",
            "version": "2.0.10",
            "source": {
                "type": "git",
                "url": "https://github.com/yiisoft/yii2-framework.git",
                "reference": "5bfcb7a6dfa9771e2248eb8c4448613330f343ff"
            },
            "dist": {
                "type": "zip",
                "url": "https://api.github.com/repos/yiisoft/yii2-framework/zipball/5bfcb7a6dfa9771e2248eb8c4448613330f343ff",
                "reference": "5bfcb7a6dfa9771e2248eb8c4448613330f343ff",
                "shasum": ""
            },
            "require": {
                "bower-asset/jquery": "2.2.*@stable | 2.1.*@stable | 1.11.*@stable | 1.12.*@stable",
                "bower-asset/jquery.inputmask": "~3.2.2",
                "bower-asset/punycode": "1.3.*",
                "bower-asset/yii2-pjax": "~2.0.1",
                "cebe/markdown": "~1.0.0 | ~1.1.0",
                "ext-ctype": "*",
                "ext-mbstring": "*",
                "ezyang/htmlpurifier": "~4.6",
                "lib-pcre": "*",
                "php": ">=5.4.0",
                "yiisoft/yii2-composer": "~2.0.4"
            },
            "bin": [
                "yii"
            ],
            "type": "library",
            "extra": {
                "branch-alias": {
                    "dev-master": "2.0.x-dev"
                }
            },
            "autoload": {
                "psr-4": {
                    "yii\\": ""
                }
            },
            "notification-url": "https://packagist.org/downloads/",
            "license": [
                "BSD-3-Clause"
            ],
            "authors": [
                {
                    "name": "Qiang Xue",
                    "email": "qiang.xue@gmail.com",
                    "homepage": "http://www.yiiframework.com/",
                    "role": "Founder and project lead"
                },
                {
                    "name": "Alexander Makarov",
                    "email": "sam@rmcreative.ru",
                    "homepage": "http://rmcreative.ru/",
                    "role": "Core framework development"
                },
                {
                    "name": "Maurizio Domba",
                    "homepage": "http://mdomba.info/",
                    "role": "Core framework development"
                },
                {
                    "name": "Carsten Brandt",
                    "email": "mail@cebe.cc",
                    "homepage": "http://cebe.cc/",
                    "role": "Core framework development"
                },
                {
                    "name": "Timur Ruziev",
                    "email": "resurtm@gmail.com",
                    "homepage": "http://resurtm.com/",
                    "role": "Core framework development"
                },
                {
                    "name": "Paul Klimov",
                    "email": "klimov.paul@gmail.com",
                    "role": "Core framework development"
                },
                {
                    "name": "Dmitry Naumenko",
                    "email": "d.naumenko.a@gmail.com",
                    "role": "Core framework development"
                }
            ],
            "description": "Yii PHP Framework Version 2",
            "homepage": "http://www.yiiframework.com/",
            "keywords": [
                "framework",
                "yii2"
            ],
            "time": "2016-10-20 12:02:50"
        },
        {
            "name": "yiisoft/yii2-composer",
            "version": "2.0.5",
            "source": {
                "type": "git",
                "url": "https://github.com/yiisoft/yii2-composer.git",
                "reference": "3f4923c2bde6caf3f5b88cc22fdd5770f52f8df2"
            },
            "dist": {
                "type": "zip",
                "url": "https://api.github.com/repos/yiisoft/yii2-composer/zipball/3f4923c2bde6caf3f5b88cc22fdd5770f52f8df2",
                "reference": "3f4923c2bde6caf3f5b88cc22fdd5770f52f8df2",
                "shasum": ""
            },
            "require": {
                "composer-plugin-api": "^1.0"
            },
            "require-dev": {
                "composer/composer": "^1.0"
            },
            "type": "composer-plugin",
            "extra": {
                "class": "yii\\composer\\Plugin",
                "branch-alias": {
                    "dev-master": "2.0.x-dev"
                }
            },
            "autoload": {
                "psr-4": {
                    "yii\\composer\\": ""
                }
            },
            "notification-url": "https://packagist.org/downloads/",
            "license": [
                "BSD-3-Clause"
            ],
            "authors": [
                {
                    "name": "Qiang Xue",
                    "email": "qiang.xue@gmail.com"
                }
            ],
            "description": "The composer plugin for Yii extension installer",
            "keywords": [
                "composer",
                "extension installer",
                "yii2"
            ],
            "time": "2016-12-20 13:26:02"
        },
        {
            "name": "yiisoft/yii2-jui",
            "version": "2.0.6",
            "source": {
                "type": "git",
                "url": "https://github.com/yiisoft/yii2-jui.git",
                "reference": "843a2160cfe30f5c8b0cb2e9dbd8ee6bcf97e71d"
            },
            "dist": {
                "type": "zip",
                "url": "https://api.github.com/repos/yiisoft/yii2-jui/zipball/843a2160cfe30f5c8b0cb2e9dbd8ee6bcf97e71d",
                "reference": "843a2160cfe30f5c8b0cb2e9dbd8ee6bcf97e71d",
                "shasum": ""
            },
            "require": {
                "bower-asset/jquery-ui": "1.11.*@stable",
                "yiisoft/yii2": ">=2.0.4"
            },
            "type": "yii2-extension",
            "extra": {
                "branch-alias": {
                    "dev-master": "2.0.x-dev"
                },
                "asset-installer-paths": {
                    "npm-asset-library": "vendor/npm",
                    "bower-asset-library": "vendor/bower"
                }
            },
            "autoload": {
                "psr-4": {
                    "yii\\jui\\": ""
                }
            },
            "notification-url": "https://packagist.org/downloads/",
            "license": [
                "BSD-3-Clause"
            ],
            "authors": [
                {
                    "name": "Qiang Xue",
                    "email": "qiang.xue@gmail.com"
                }
            ],
            "description": "The Jquery UI extension for the Yii framework",
            "keywords": [
                "jQuery UI",
                "yii2"
            ],
            "time": "2016-07-22 22:26:59"
        }
    ],
    "packages-dev": [],
    "aliases": [],
    "minimum-stability": "stable",
    "stability-flags": {
        "asofter/yii2-imperavi-redactor": 20
    },
    "prefer-stable": false,
    "prefer-lowest": false,
    "platform": {
        "php": ">=5.4.0"
    },
    "platform-dev": []
}
